{
  "version": "5",
  "specifiers": {
    "jsr:@std/assert@*": "1.0.8",
    "jsr:@std/assert@^1.0.8": "1.0.8",
    "jsr:@std/async@^1.0.8": "1.0.8",
    "jsr:@std/data-structures@^1.0.4": "1.0.4",
    "jsr:@std/internal@^1.0.4": "1.0.5",
    "jsr:@std/internal@^1.0.5": "1.0.5",
    "jsr:@std/testing@*": "1.0.5",
    "npm:@types/react@19": "19.1.5",
    "npm:react@19": "19.1.0",
    "npm:solid-js@^1.9.7": "1.9.7_seroval@1.3.2",
    "npm:tsdown@~0.12.7": "0.12.7_typescript@5.6.3_rolldown@1.0.0-beta.11-commit.f051675",
    "npm:typescript@^5.6.3": "5.6.3"
  },
  "jsr": {
    "@std/assert@1.0.6": {
      "integrity": "1904c05806a25d94fe791d6d883b685c9e2dcd60e4f9fc30f4fc5cf010c72207",
      "dependencies": [
        "jsr:@std/internal@^1.0.4"
      ]
    },
    "@std/assert@1.0.8": {
      "integrity": "ebe0bd7eb488ee39686f77003992f389a06c3da1bbd8022184804852b2fa641b",
      "dependencies": [
        "jsr:@std/internal@^1.0.5"
      ]
    },
    "@std/async@1.0.8": {
      "integrity": "c057c5211a0f1d12e7dcd111ab430091301b8d64b4250052a79d277383bc3ba7"
    },
    "@std/data-structures@1.0.4": {
      "integrity": "fa0e20c11eb9ba673417450915c750a0001405a784e2a4e0c3725031681684a0"
    },
    "@std/internal@1.0.5": {
      "integrity": "54a546004f769c1ac9e025abd15a76b6671ddc9687e2313b67376125650dc7ba"
    },
    "@std/testing@1.0.5": {
      "integrity": "6e693cbec94c81a1ad3df668685c7ba8e20742bb10305bc7137faa5cf16d2ec4",
      "dependencies": [
        "jsr:@std/assert@^1.0.8",
        "jsr:@std/async",
        "jsr:@std/data-structures"
      ]
    }
  },
  "npm": {
    "@babel/generator@7.27.5": {
      "integrity": "sha512-ZGhA37l0e/g2s1Cnzdix0O3aLYm66eF8aufiVteOgnwxgnRP8GoyMj7VWsgWnQbVKXyge7hqrFh2K2TQM6t1Hw==",
      "dependencies": [
        "@babel/parser",
        "@babel/types",
        "@jridgewell/gen-mapping",
        "@jridgewell/trace-mapping",
        "jsesc"
      ]
    },
    "@babel/helper-string-parser@7.27.1": {
      "integrity": "sha512-qMlSxKbpRlAridDExk92nSobyDdpPijUq2DW6oDnUqd0iOGxmQjyqhMIihI9+zv4LPyZdRje2cavWPbCbWm3eA=="
    },
    "@babel/helper-validator-identifier@7.27.1": {
      "integrity": "sha512-D2hP9eA+Sqx1kBZgzxZh0y1trbuU+JoDkiEwqhQ36nodYqJwyEIhPSdMNd7lOm/4io72luTPWH20Yda0xOuUow=="
    },
    "@babel/parser@7.27.5": {
      "integrity": "sha512-OsQd175SxWkGlzbny8J3K8TnnDD0N3lrIUtB92xwyRpzaenGZhxDvxN/JgU00U3CDZNj9tPuDJ5H0WS4Nt3vKg==",
      "dependencies": [
        "@babel/types"
      ],
      "bin": true
    },
    "@babel/types@7.27.6": {
      "integrity": "sha512-ETyHEk2VHHvl9b9jZP5IHPavHYk57EhanlRRuae9XCpb/j5bDCbPPMOBfCWhnl/7EDJz0jEMCi/RhccCE8r1+Q==",
      "dependencies": [
        "@babel/helper-string-parser",
        "@babel/helper-validator-identifier"
      ]
    },
    "@emnapi/core@1.3.1": {
      "integrity": "sha512-pVGjBIt1Y6gg3EJN8jTcfpP/+uuRksIo055oE/OBkDNcjZqVbfkWCksG1Jp4yZnj3iKWyWX8fdG/j6UDYPbFog==",
      "dependencies": [
        "@emnapi/wasi-threads@1.0.1",
        "tslib@2.8.0"
      ]
    },
    "@emnapi/core@1.4.3": {
      "integrity": "sha512-4m62DuCE07lw01soJwPiBGC0nAww0Q+RY70VZ+n49yDIO13yyinhbWCeNnaob0lakDtWQzSdtNWzJeOJt2ma+g==",
      "dependencies": [
        "@emnapi/wasi-threads@1.0.2",
        "tslib@2.8.1"
      ]
    },
    "@emnapi/runtime@1.3.1": {
      "integrity": "sha512-kEBmG8KyqtxJZv+ygbEim+KCGtIq1fC22Ms3S4ziXmYKm8uyoLX0MHONVKwp+9opg390VaKRNt4a7A9NwmpNhw==",
      "dependencies": [
        "tslib@2.8.0"
      ]
    },
    "@emnapi/runtime@1.4.3": {
      "integrity": "sha512-pBPWdu6MLKROBX05wSNKcNb++m5Er+KQ9QkB+WVM+pW2Kx9hoSrVTnu3BdkI5eBLZoKu/J6mW/B6i6bJB2ytXQ==",
      "dependencies": [
        "tslib@2.8.1"
      ]
    },
    "@emnapi/wasi-threads@1.0.1": {
      "integrity": "sha512-iIBu7mwkq4UQGeMEM8bLwNK962nXdhodeScX4slfQnRhEMMzvYivHhutCIk8uojvmASXXPC2WNEjwxFWk72Oqw==",
      "dependencies": [
        "tslib@2.8.0"
      ]
    },
    "@emnapi/wasi-threads@1.0.2": {
      "integrity": "sha512-5n3nTJblwRi8LlXkJ9eBzu+kZR8Yxcc7ubakyQTFzPMtIhFpUBRbsnc2Dv88IZDIbCDlBiWrknhB4Lsz7mg6BA==",
      "dependencies": [
        "tslib@2.8.1"
      ]
    },
    "@esbuild/aix-ppc64@0.23.1": {
      "integrity": "sha512-6VhYk1diRqrhBAqpJEdjASR/+WVRtfjpqKuNw11cLiaWpAT/Uu+nokB+UJnevzy/P9C/ty6AOe0dwueMrGh/iQ==",
      "os": ["aix"],
      "cpu": ["ppc64"]
    },
    "@esbuild/android-arm64@0.23.1": {
      "integrity": "sha512-xw50ipykXcLstLeWH7WRdQuysJqejuAGPd30vd1i5zSyKK3WE+ijzHmLKxdiCMtH1pHz78rOg0BKSYOSB/2Khw==",
      "os": ["android"],
      "cpu": ["arm64"]
    },
    "@esbuild/android-arm@0.23.1": {
      "integrity": "sha512-uz6/tEy2IFm9RYOyvKl88zdzZfwEfKZmnX9Cj1BHjeSGNuGLuMD1kR8y5bteYmwqKm1tj8m4cb/aKEorr6fHWQ==",
      "os": ["android"],
      "cpu": ["arm"]
    },
    "@esbuild/android-x64@0.23.1": {
      "integrity": "sha512-nlN9B69St9BwUoB+jkyU090bru8L0NA3yFvAd7k8dNsVH8bi9a8cUAUSEcEEgTp2z3dbEDGJGfP6VUnkQnlReg==",
      "os": ["android"],
      "cpu": ["x64"]
    },
    "@esbuild/darwin-arm64@0.23.1": {
      "integrity": "sha512-YsS2e3Wtgnw7Wq53XXBLcV6JhRsEq8hkfg91ESVadIrzr9wO6jJDMZnCQbHm1Guc5t/CdDiFSSfWP58FNuvT3Q==",
      "os": ["darwin"],
      "cpu": ["arm64"]
    },
    "@esbuild/darwin-x64@0.23.1": {
      "integrity": "sha512-aClqdgTDVPSEGgoCS8QDG37Gu8yc9lTHNAQlsztQ6ENetKEO//b8y31MMu2ZaPbn4kVsIABzVLXYLhCGekGDqw==",
      "os": ["darwin"],
      "cpu": ["x64"]
    },
    "@esbuild/freebsd-arm64@0.23.1": {
      "integrity": "sha512-h1k6yS8/pN/NHlMl5+v4XPfikhJulk4G+tKGFIOwURBSFzE8bixw1ebjluLOjfwtLqY0kewfjLSrO6tN2MgIhA==",
      "os": ["freebsd"],
      "cpu": ["arm64"]
    },
    "@esbuild/freebsd-x64@0.23.1": {
      "integrity": "sha512-lK1eJeyk1ZX8UklqFd/3A60UuZ/6UVfGT2LuGo3Wp4/z7eRTRYY+0xOu2kpClP+vMTi9wKOfXi2vjUpO1Ro76g==",
      "os": ["freebsd"],
      "cpu": ["x64"]
    },
    "@esbuild/linux-arm64@0.23.1": {
      "integrity": "sha512-/93bf2yxencYDnItMYV/v116zff6UyTjo4EtEQjUBeGiVpMmffDNUyD9UN2zV+V3LRV3/on4xdZ26NKzn6754g==",
      "os": ["linux"],
      "cpu": ["arm64"]
    },
    "@esbuild/linux-arm@0.23.1": {
      "integrity": "sha512-CXXkzgn+dXAPs3WBwE+Kvnrf4WECwBdfjfeYHpMeVxWE0EceB6vhWGShs6wi0IYEqMSIzdOF1XjQ/Mkm5d7ZdQ==",
      "os": ["linux"],
      "cpu": ["arm"]
    },
    "@esbuild/linux-ia32@0.23.1": {
      "integrity": "sha512-VTN4EuOHwXEkXzX5nTvVY4s7E/Krz7COC8xkftbbKRYAl96vPiUssGkeMELQMOnLOJ8k3BY1+ZY52tttZnHcXQ==",
      "os": ["linux"],
      "cpu": ["ia32"]
    },
    "@esbuild/linux-loong64@0.23.1": {
      "integrity": "sha512-Vx09LzEoBa5zDnieH8LSMRToj7ir/Jeq0Gu6qJ/1GcBq9GkfoEAoXvLiW1U9J1qE/Y/Oyaq33w5p2ZWrNNHNEw==",
      "os": ["linux"],
      "cpu": ["loong64"]
    },
    "@esbuild/linux-mips64el@0.23.1": {
      "integrity": "sha512-nrFzzMQ7W4WRLNUOU5dlWAqa6yVeI0P78WKGUo7lg2HShq/yx+UYkeNSE0SSfSure0SqgnsxPvmAUu/vu0E+3Q==",
      "os": ["linux"],
      "cpu": ["mips64el"]
    },
    "@esbuild/linux-ppc64@0.23.1": {
      "integrity": "sha512-dKN8fgVqd0vUIjxuJI6P/9SSSe/mB9rvA98CSH2sJnlZ/OCZWO1DJvxj8jvKTfYUdGfcq2dDxoKaC6bHuTlgcw==",
      "os": ["linux"],
      "cpu": ["ppc64"]
    },
    "@esbuild/linux-riscv64@0.23.1": {
      "integrity": "sha512-5AV4Pzp80fhHL83JM6LoA6pTQVWgB1HovMBsLQ9OZWLDqVY8MVobBXNSmAJi//Csh6tcY7e7Lny2Hg1tElMjIA==",
      "os": ["linux"],
      "cpu": ["riscv64"]
    },
    "@esbuild/linux-s390x@0.23.1": {
      "integrity": "sha512-9ygs73tuFCe6f6m/Tb+9LtYxWR4c9yg7zjt2cYkjDbDpV/xVn+68cQxMXCjUpYwEkze2RcU/rMnfIXNRFmSoDw==",
      "os": ["linux"],
      "cpu": ["s390x"]
    },
    "@esbuild/linux-x64@0.23.1": {
      "integrity": "sha512-EV6+ovTsEXCPAp58g2dD68LxoP/wK5pRvgy0J/HxPGB009omFPv3Yet0HiaqvrIrgPTBuC6wCH1LTOY91EO5hQ==",
      "os": ["linux"],
      "cpu": ["x64"]
    },
    "@esbuild/netbsd-x64@0.23.1": {
      "integrity": "sha512-aevEkCNu7KlPRpYLjwmdcuNz6bDFiE7Z8XC4CPqExjTvrHugh28QzUXVOZtiYghciKUacNktqxdpymplil1beA==",
      "os": ["netbsd"],
      "cpu": ["x64"]
    },
    "@esbuild/openbsd-arm64@0.23.1": {
      "integrity": "sha512-3x37szhLexNA4bXhLrCC/LImN/YtWis6WXr1VESlfVtVeoFJBRINPJ3f0a/6LV8zpikqoUg4hyXw0sFBt5Cr+Q==",
      "os": ["openbsd"],
      "cpu": ["arm64"]
    },
    "@esbuild/openbsd-x64@0.23.1": {
      "integrity": "sha512-aY2gMmKmPhxfU+0EdnN+XNtGbjfQgwZj43k8G3fyrDM/UdZww6xrWxmDkuz2eCZchqVeABjV5BpildOrUbBTqA==",
      "os": ["openbsd"],
      "cpu": ["x64"]
    },
    "@esbuild/sunos-x64@0.23.1": {
      "integrity": "sha512-RBRT2gqEl0IKQABT4XTj78tpk9v7ehp+mazn2HbUeZl1YMdaGAQqhapjGTCe7uw7y0frDi4gS0uHzhvpFuI1sA==",
      "os": ["sunos"],
      "cpu": ["x64"]
    },
    "@esbuild/win32-arm64@0.23.1": {
      "integrity": "sha512-4O+gPR5rEBe2FpKOVyiJ7wNDPA8nGzDuJ6gN4okSA1gEOYZ67N8JPk58tkWtdtPeLz7lBnY6I5L3jdsr3S+A6A==",
      "os": ["win32"],
      "cpu": ["arm64"]
    },
    "@esbuild/win32-ia32@0.23.1": {
      "integrity": "sha512-BcaL0Vn6QwCwre3Y717nVHZbAa4UBEigzFm6VdsVdT/MbZ38xoj1X9HPkZhbmaBGUD1W8vxAfffbDe8bA6AKnQ==",
      "os": ["win32"],
      "cpu": ["ia32"]
    },
    "@esbuild/win32-x64@0.23.1": {
      "integrity": "sha512-BHpFFeslkWrXWyUPnbKm+xYYVYruCinGcftSBaa8zoF9hZO4BcSCFUvHVTtzpIY6YzUnYtuEhZ+C9iEXjxnasg==",
      "os": ["win32"],
      "cpu": ["x64"]
    },
    "@jridgewell/gen-mapping@0.3.8": {
      "integrity": "sha512-imAbBGkb+ebQyxKgzv5Hu2nmROxoDOXHh80evxdoXNOrvAnVx7zimzc1Oo5h9RlfV4vPXaE2iM5pOFbvOCClWA==",
      "dependencies": [
        "@jridgewell/set-array",
        "@jridgewell/sourcemap-codec",
        "@jridgewell/trace-mapping"
      ]
    },
    "@jridgewell/resolve-uri@3.1.2": {
      "integrity": "sha512-bRISgCIjP20/tbWSPWMEi54QVPRZExkuD9lJL+UIxUKtwVJA8wW1Trb1jMs1RFXo1CBTNZ/5hpC9QvmKWdopKw=="
    },
    "@jridgewell/set-array@1.2.1": {
      "integrity": "sha512-R8gLRTZeyp03ymzP/6Lil/28tGeGEzhx1q2k703KGWRAI1VdvPIXdG70VJc2pAMw3NA6JKL5hhFu1sJX0Mnn/A=="
    },
    "@jridgewell/sourcemap-codec@1.5.0": {
      "integrity": "sha512-gv3ZRaISU3fjPAgNsriBRqGWQL6quFx04YMPW/zD8XMLsU32mhCCbfbO6KZFLjvYpCZ8zyDEgqsgf+PwPaM7GQ=="
    },
    "@jridgewell/trace-mapping@0.3.25": {
      "integrity": "sha512-vNk6aEwybGtawWmy/PzwnGDOjCkLWSD2wqvjGGAgOAwCGWySYXfYoxt00IJkTF+8Lb57DwOb3Aa0o9CApepiYQ==",
      "dependencies": [
        "@jridgewell/resolve-uri",
        "@jridgewell/sourcemap-codec"
      ]
    },
    "@napi-rs/wasm-runtime@0.2.11": {
      "integrity": "sha512-9DPkXtvHydrcOsopiYpUgPHpmj0HWZKMUnL2dZqpvC42lsratuBG06V5ipyno0fUek5VlFsNQ+AcFATSrJXgMA==",
      "dependencies": [
        "@emnapi/core@1.4.3",
        "@emnapi/runtime@1.4.3",
        "@tybys/wasm-util"
      ]
    },
    "@napi-rs/wasm-runtime@0.2.5": {
      "integrity": "sha512-kwUxR7J9WLutBbulqg1dfOrMTwhMdXLdcGUhcbCcGwnPLt3gz19uHVdwH1syKVDbE022ZS2vZxOWflFLS0YTjw==",
      "dependencies": [
        "@emnapi/core@1.3.1",
        "@emnapi/runtime@1.3.1",
        "@tybys/wasm-util"
      ]
    },
    "@oxc-parser/binding-darwin-arm64@0.31.0": {
      "integrity": "sha512-N+Ru4CQGFIEm+pHJ/X69s+ifF3clH9V7iqGYNhBb8ryP1Bk+i+lk+ip9Yh1HoopXsmmU/1RxuW1qWZ6jcq9U6Q==",
      "os": ["darwin"],
      "cpu": ["arm64"]
    },
    "@oxc-parser/binding-darwin-x64@0.31.0": {
      "integrity": "sha512-CmA0/xLCnsdJPb3VR6Rv1lJn7hTNtqMB5huswHCxQhHieG1DEFyIuhiihfMoDFiRCZhetRaXgdF9QUgUOqxyjA==",
      "os": ["darwin"],
      "cpu": ["x64"]
    },
    "@oxc-parser/binding-linux-arm64-gnu@0.31.0": {
      "integrity": "sha512-nfO7NiHK+1LmwOdMtokajMXiUvQjqtUs2wABpqMDmySDts5WCib48e1JEJ6OvOFpbaEXeJ1nlsK5mkdfQXVOqQ==",
      "os": ["linux"],
      "cpu": ["arm64"]
    },
    "@oxc-parser/binding-linux-arm64-musl@0.31.0": {
      "integrity": "sha512-q5EMMc5E0hmRkVkDYnsBYJeu7ZFgICbqCaGftABFy4Kl7CJjcpHzwFgGfMBa371Uv954cW0E9MyaqbtCgSrv8g==",
      "os": ["linux"],
      "cpu": ["arm64"]
    },
    "@oxc-parser/binding-linux-x64-gnu@0.31.0": {
      "integrity": "sha512-06lHxaqyg1Ab41pacIn8sDwLvjJdP2wDJKBcbQDceOjGtq2a41+UZa7xmctVUzbhchNuNc707sx1aXztnLQNuQ==",
      "os": ["linux"],
      "cpu": ["x64"]
    },
    "@oxc-parser/binding-linux-x64-musl@0.31.0": {
      "integrity": "sha512-IUnfRXKy/CABwKkkVuLLC46A0uwtmiRemvXHIysO1VhrDPFQrLPUgCJuCfdvSVVfS4JH7ixAnRyWumSrLGuA1w==",
      "os": ["linux"],
      "cpu": ["x64"]
    },
    "@oxc-parser/binding-win32-arm64-msvc@0.31.0": {
      "integrity": "sha512-Z3ovZuXEvh+AUIxFHeFk8Ww7CvyuqJ5omVAI2yV9/x/UopRVoL6/pC3lU6geSqWmwoYxXbqPeJkyrRdivv1mjw==",
      "os": ["win32"],
      "cpu": ["arm64"]
    },
    "@oxc-parser/binding-win32-x64-msvc@0.31.0": {
      "integrity": "sha512-/fxEQE+xVbz+JMvpUt1j2l67x04PKXqXUHVF8LUN//tV27e7mSc3eZ8TBnrbu0SGp110QdscWf4oZNZK/e3/RA==",
      "os": ["win32"],
      "cpu": ["x64"]
    },
    "@oxc-project/runtime@0.72.2": {
      "integrity": "sha512-J2lsPDen2mFs3cOA1gIBd0wsHEhum2vTnuKIRwmj3HJJcIz/XgeNdzvgSOioIXOJgURIpcDaK05jwaDG1rhDwg=="
    },
    "@oxc-project/types@0.72.2": {
      "integrity": "sha512-il5RF8AP85XC0CMjHF4cnVT9nT/v/ocm6qlZQpSiAR9qBbQMGkFKloBZwm7PcnOdiUX97yHgsKM7uDCCWCu3tg=="
    },
    "@quansync/fs@0.1.3": {
      "integrity": "sha512-G0OnZbMWEs5LhDyqy2UL17vGhSVHkQIfVojMtEWVenvj0V5S84VBgy86kJIuNsGDp2p7sTKlpSIpBUWdC35OKg==",
      "dependencies": [
        "quansync"
      ]
    },
    "@rolldown/binding-darwin-arm64@0.13.2-snapshot-75f1f88-20241027003605": {
      "integrity": "sha512-oLYRKqZ6WZk8zL8YdelfVIC4xatDiYX6uYM73bHfKeEliKkKhregSmmrZ2r0ov4b7v16BZ94sNLa5/v8ThgaOw==",
      "os": ["darwin"],
      "cpu": ["arm64"]
    },
    "@rolldown/binding-darwin-arm64@1.0.0-beta.11-commit.f051675": {
      "integrity": "sha512-Hlt/h+lOJ+ksC2wED2M9Hku/9CA2Hr17ENK82gNMmi3OqwcZLdZFqJDpASTli65wIOeT4p9rIUMdkfshCoJpYA==",
      "os": ["darwin"],
      "cpu": ["arm64"]
    },
    "@rolldown/binding-darwin-x64@0.13.2-snapshot-75f1f88-20241027003605": {
      "integrity": "sha512-E9Z/uJVWVtVMnbOPFgDXaa0hZJ+NmXIPcSXHVLXoEN+qlXN5gE+IhrNHqPfaCTmkJLRwG3GE7t1EWvbC3jtAJw==",
      "os": ["darwin"],
      "cpu": ["x64"]
    },
    "@rolldown/binding-darwin-x64@1.0.0-beta.11-commit.f051675": {
      "integrity": "sha512-Bnst+HBwhW2YrNybEiNf9TJkI1myDgXmiPBVIOS0apzrLCmByzei6PilTClOpTpNFYB+UviL3Ox2gKUmcgUjGw==",
      "os": ["darwin"],
      "cpu": ["x64"]
    },
    "@rolldown/binding-freebsd-x64@0.13.2-snapshot-75f1f88-20241027003605": {
      "integrity": "sha512-YfOw13kmFuTGPrOAUSX2DkFVYRidsiFUVbNgPeq10jELAtSn9FXVWT7gSS1v9m9o0L5KjyCulFzhBd9Nssu2nQ==",
      "os": ["freebsd"],
      "cpu": ["x64"]
    },
    "@rolldown/binding-freebsd-x64@1.0.0-beta.11-commit.f051675": {
      "integrity": "sha512-3jAxVmYDPc8vMZZOfZI1aokGB9cP6VNeU9XNCx0UJ6ShlSPK3qkAa0sWgueMhaQkgBVf8MOfGpjo47ohGd7QrA==",
      "os": ["freebsd"],
      "cpu": ["x64"]
    },
    "@rolldown/binding-linux-arm-gnueabihf@0.13.2-snapshot-75f1f88-20241027003605": {
      "integrity": "sha512-f9vOrmUfbWFWdGhToD2gDpT1KAMWN3BKV3GfqK8RlYyp8OLW1G5xBiJ0DT6ymKHJfVT57Em6Q25AFJU2IzaW6A==",
      "os": ["linux"],
      "cpu": ["arm"]
    },
    "@rolldown/binding-linux-arm-gnueabihf@1.0.0-beta.11-commit.f051675": {
      "integrity": "sha512-TpUltUdvcsAf2WvXXD8AVc3BozvhgazJ2gJLXp4DVV2V82m26QelI373Bzx8d/4hB167EEIg4wWW/7GXB/ltoQ==",
      "os": ["linux"],
      "cpu": ["arm"]
    },
    "@rolldown/binding-linux-arm64-gnu@0.13.2-snapshot-75f1f88-20241027003605": {
      "integrity": "sha512-IfzlTlvB8cxqJ4ixwh5Lnw39t2JOcIMpjvsQzVnrdWERjJa5LqM6qDHnrf/E8S8TGvWjUCDT2jr2Yjt8Wy/VWA==",
      "os": ["linux"],
      "cpu": ["arm64"]
    },
    "@rolldown/binding-linux-arm64-gnu@1.0.0-beta.11-commit.f051675": {
      "integrity": "sha512-eGvHnYQSdbdhsTdjdp/+83LrN81/7X9HD6y3jg7mEmdsicxEMEIt6CsP7tvYS/jn4489jgO/6mLxW/7Vg+B8pw==",
      "os": ["linux"],
      "cpu": ["arm64"]
    },
    "@rolldown/binding-linux-arm64-musl@0.13.2-snapshot-75f1f88-20241027003605": {
      "integrity": "sha512-al7jF6+nrkmpNfhskvFF5C5C2rUqevjyYi2CCP/q+/8G1kVJzyO0eSUeqIaReKVdQbZ1vDnuVa0SmcNy4P0hYQ==",
      "os": ["linux"],
      "cpu": ["arm64"]
    },
    "@rolldown/binding-linux-arm64-musl@1.0.0-beta.11-commit.f051675": {
      "integrity": "sha512-0NJZWXJls83FpBRzkTbGBsXXstaQLsfodnyeOghxbnNdsjn+B4dcNPpMK5V3QDsjC0pNjDLaDdzB2jWKlZbP/Q==",
      "os": ["linux"],
      "cpu": ["arm64"]
    },
    "@rolldown/binding-linux-x64-gnu@0.13.2-snapshot-75f1f88-20241027003605": {
      "integrity": "sha512-nK9102FtrBegvB/LvUtFbrGfY/xvHgXFWPKSNCE3aBez6ZEmB1C8dXWu1qzIaG4sFMOAKmyhvWD0p06CSFhnTA==",
      "os": ["linux"],
      "cpu": ["x64"]
    },
    "@rolldown/binding-linux-x64-gnu@1.0.0-beta.11-commit.f051675": {
      "integrity": "sha512-9vXnu27r4zgS/BHP6RCLBOrJoV2xxtLYHT68IVpSOdCkBHGpf1oOJt6blv1y5NRRJBEfAFCvj5NmwSMhETF96w==",
      "os": ["linux"],
      "cpu": ["x64"]
    },
    "@rolldown/binding-linux-x64-musl@0.13.2-snapshot-75f1f88-20241027003605": {
      "integrity": "sha512-/b3LTHnMaFv/gULaZF1p64GkUL5PbM94ke7xPpf3uCH7oDdnimAT4s/fkQ0N4kYmRanpj9r8JXP8URirIxe0ng==",
      "os": ["linux"],
      "cpu": ["x64"]
    },
    "@rolldown/binding-linux-x64-musl@1.0.0-beta.11-commit.f051675": {
      "integrity": "sha512-e6tvsZbtHt4kzl82oCajOUxwIN8uMfjhuQ0qxIVRzPekRRjKEzyH9agYPW6toN0cnHpkhPsu51tyZKJOdUl7jg==",
      "os": ["linux"],
      "cpu": ["x64"]
    },
    "@rolldown/binding-wasm32-wasi@0.13.2-snapshot-75f1f88-20241027003605": {
      "integrity": "sha512-aCfMIFhBRVfccqkiHBsRc245b9KsUfPq83PTFxrU4MBs3+XHqT/8EbWFEYFlR3MsOYj5LL3fMXpVN6bUL8yjUg==",
      "dependencies": [
        "@napi-rs/wasm-runtime@0.2.5"
      ],
      "cpu": ["wasm32"]
    },
    "@rolldown/binding-wasm32-wasi@1.0.0-beta.11-commit.f051675": {
      "integrity": "sha512-nBQVizPoUQiViANhWrOyihXNf2booP2iq3S396bI1tmHftdgUXWKa6yAoleJBgP0oF0idXpTPU82ciaROUcjpg==",
      "dependencies": [
        "@napi-rs/wasm-runtime@0.2.11"
      ],
      "cpu": ["wasm32"]
    },
    "@rolldown/binding-win32-arm64-msvc@0.13.2-snapshot-75f1f88-20241027003605": {
      "integrity": "sha512-+pozhs4cCM7A9txHb6hJe45c8CBsZ0l434f8wakfe677SPgnsxKnoNM7vfoi5MqSD/J+SNAOI/e2YtjA7dd6Gw==",
      "os": ["win32"],
      "cpu": ["arm64"]
    },
    "@rolldown/binding-win32-arm64-msvc@1.0.0-beta.11-commit.f051675": {
      "integrity": "sha512-Rey/ECXKI/UEykrKfJX3oVAPXDH2k1p2BKzYGza0z3S2X5I3sTDOeBn2I0IQgyyf7U3+DCBhYjkDFnmSePrU/A==",
      "os": ["win32"],
      "cpu": ["arm64"]
    },
    "@rolldown/binding-win32-ia32-msvc@0.13.2-snapshot-75f1f88-20241027003605": {
      "integrity": "sha512-dxE0mJUk/rC70NbGawUNKUETf9bsCMx0qjBVAFcAXyw2FQ9r9Hl0278RPNQOqiEDO94J6+DX4sxrDgLRkscmkA==",
      "os": ["win32"],
      "cpu": ["ia32"]
    },
    "@rolldown/binding-win32-ia32-msvc@1.0.0-beta.11-commit.f051675": {
      "integrity": "sha512-LtuMKJe6iFH4iV55dy+gDwZ9v23Tfxx5cd7ZAxvhYFGoVNSvarxAgl844BvFGReERCnLTGRvo85FUR6fDHQX+A==",
      "os": ["win32"],
      "cpu": ["ia32"]
    },
    "@rolldown/binding-win32-x64-msvc@0.13.2-snapshot-75f1f88-20241027003605": {
      "integrity": "sha512-34c/CVlq3U36J8XiaWgXv065JpRjeVtRcV+iz5VSqukvAsIYaIrm7/ZkhvSosVS5ufAKbuSZ8Mc+Z1l9I8Q4Tw==",
      "os": ["win32"],
      "cpu": ["x64"]
    },
    "@rolldown/binding-win32-x64-msvc@1.0.0-beta.11-commit.f051675": {
      "integrity": "sha512-YY8UYfBm4dbWa4psgEPPD9T9X0nAvlYu0BOsQC5vDfCwzzU7IHT4jAfetvlQq+4+M6qWHSTr6v+/WX5EmlM1WA==",
      "os": ["win32"],
      "cpu": ["x64"]
    },
    "@rolldown/pluginutils@1.0.0-beta.11-commit.f051675": {
      "integrity": "sha512-TAqMYehvpauLKz7v4TZOTUQNjxa5bUQWw2+51/+Zk3ItclBxgoSWhnZ31sXjdoX6le6OXdK2vZfV3KoyW/O/GA=="
    },
    "@tybys/wasm-util@0.9.0": {
      "integrity": "sha512-6+7nlbMVX/PVDCwaIQ8nTOPveOcFLSt8GcXdx8hD0bt39uWxYT88uXzqTd4fTvqta7oeUJqudepapKNt2DYJFw==",
      "dependencies": [
        "tslib@2.8.1"
      ]
    },
    "@types/react@19.1.5": {
      "integrity": "sha512-piErsCVVbpMMT2r7wbawdZsq4xMvIAhQuac2gedQHysu1TZYEigE6pnFfgZT+/jQnrRuF5r+SHzuehFjfRjr4g==",
      "dependencies": [
        "csstype"
      ]
    },
    "ansis@4.1.0": {
      "integrity": "sha512-BGcItUBWSMRgOCe+SVZJ+S7yTRG0eGt9cXAHev72yuGcY23hnLA7Bky5L/xLyPINoSN95geovfBkqoTlNZYa7w=="
    },
    "ast-kit@2.1.0": {
      "integrity": "sha512-ROM2LlXbZBZVk97crfw8PGDOBzzsJvN2uJCmwswvPUNyfH14eg90mSN3xNqsri1JS1G9cz0VzeDUhxJkTrr4Ew==",
      "dependencies": [
        "@babel/parser",
        "pathe"
      ]
    },
    "birpc@2.3.0": {
      "integrity": "sha512-ijbtkn/F3Pvzb6jHypHRyve2QApOCZDR25D/VnkY2G/lBNcXCTsnsCxgY4k4PkVB7zfwzYbY3O9Lcqe3xufS5g=="
    },
    "cac@6.7.14": {
      "integrity": "sha512-b6Ilus+c3RrdDk+JhLKUAQfzzgLEPy6wcXqS7f/xe1EETvsDP6GORG7SFuOs6cID5YkqchW/LXZbX5bc8j7ZcQ=="
    },
    "chokidar@4.0.3": {
      "integrity": "sha512-Qgzu8kfBvo+cA4962jnP1KkS6Dop5NS6g7R5LFYJr4b8Ub94PPQXUksCw9PvXoeXPRRddRNC5C1JQUR2SMGtnA==",
      "dependencies": [
        "readdirp"
      ]
    },
    "csstype@3.1.3": {
      "integrity": "sha512-M1uQkMl8rQK/szD0LNhtqxIPLpimGm8sOBwU7lLnCpSbTyY3yeU1Vc7l4KT5zT4s/yOxHH5O7tIuuLOCnLADRw=="
    },
    "debug@4.4.1": {
      "integrity": "sha512-KcKCqiftBJcZr++7ykoDIEwSa3XWowTfNPo92BYxjXiyYEVrUQh2aLyhxBCwww+heortUFxEJYcRzosstTEBYQ==",
      "dependencies": [
        "ms"
      ]
    },
    "defu@6.1.4": {
      "integrity": "sha512-mEQCMmwJu317oSz8CwdIOdwf3xMif1ttiM8LTufzc3g6kR+9Pe236twL8j3IYT1F7GfRgGcW6MWxzZjLIkuHIg=="
    },
    "diff@8.0.2": {
      "integrity": "sha512-sSuxWU5j5SR9QQji/o2qMvqRNYRDOcBTgsJ/DeCf4iSN4gW+gNMXM7wFIP+fdXZxoNiAnHUTGjCr+TSWXdRDKg=="
    },
    "dts-resolver@2.1.1": {
      "integrity": "sha512-3BiGFhB6mj5Kv+W2vdJseQUYW+SKVzAFJL6YNP6ursbrwy1fXHRotfHi3xLNxe4wZl/K8qbAFeCDjZLjzqxxRw=="
    },
    "empathic@1.1.0": {
      "integrity": "sha512-rsPft6CK3eHtrlp9Y5ALBb+hfK+DWnA4WFebbazxjWyx8vSm3rZeoM3z9irsjcqO3PYRzlfv27XIB4tz2DV7RA=="
    },
    "fdir@6.4.5_picomatch@4.0.2": {
      "integrity": "sha512-4BG7puHpVsIYxZUbiUE3RqGloLaSSwzYie5jvasC4LWuBWzZawynvYouhjbQKw2JuIGYdm0DzIxl8iVidKlUEw==",
      "dependencies": [
        "picomatch"
      ],
      "optionalPeers": [
        "picomatch"
      ]
    },
    "fsevents@2.3.3": {
      "integrity": "sha512-5xoDfX+fL7faATnagmWPpbFtwh/R77WmMMqqHGS65C3vvB0YHrgF+B1YmZ3441tMj5n63k0212XNoJwzlhffQw==",
      "os": ["darwin"],
      "scripts": true
    },
    "get-tsconfig@4.10.1": {
      "integrity": "sha512-auHyJ4AgMz7vgS8Hp3N6HXSmlMdUyhSUrfBF16w153rxtLIEOE+HGqaBppczZvnHLqQJfiHotCYpNhl0lUROFQ==",
      "dependencies": [
        "resolve-pkg-maps"
      ]
    },
    "hookable@5.5.3": {
      "integrity": "sha512-Yc+BQe8SvoXH1643Qez1zqLRmbA5rCL+sSmk6TVos0LWVfNIB7PGncdlId77WzLGSIB5KaWgTaNTs2lNVEI6VQ=="
    },
    "jiti@2.4.2": {
      "integrity": "sha512-rg9zJN+G4n2nfJl5MW3BMygZX56zKPNVEYYqq7adpmMh4Jn2QNEwhvQlFy6jPVdcod7txZtKHWnyZiA3a0zP7A==",
      "bin": true
    },
    "jsesc@3.1.0": {
      "integrity": "sha512-/sM3dO2FOzXjKQhJuo0Q173wf2KOo8t4I8vHy6lF9poUp7bKT0/NHE8fPX23PwfhnykfqnC2xRxOnVw5XuGIaA==",
      "bin": true
    },
    "ms@2.1.3": {
      "integrity": "sha512-6FlzubTLZG3J2a/NVCAleEhjzq5oxgHyaCU9yYXvcLsvoVaHJq/s5xXI6/XXP6tz7R9xAOtHnSO/tXtF3WRTlA=="
    },
    "pathe@2.0.3": {
      "integrity": "sha512-WUjGcAqP1gQacoQe+OBJsFA7Ld4DyXuUIjZ5cc75cLHvJ7dtNsTugphxIADwspS+AraAUePCKrSVtPLFj/F88w=="
    },
    "picomatch@4.0.2": {
      "integrity": "sha512-M7BAV6Rlcy5u+m6oPhAPFgJTzAioX/6B0DxyvDlo9l8+T3nLKbrczg2WLUyzd45L8RqfUMyGPzekbMvX2Ldkwg=="
    },
    "quansync@0.2.10": {
      "integrity": "sha512-t41VRkMYbkHyCYmOvx/6URnN80H7k4X0lLdBMGsz+maAwrJQYB1djpV6vHrQIBE0WBSGqhtEHrK9U3DWWH8v7A=="
    },
    "react@19.1.0": {
      "integrity": "sha512-FS+XFBNvn3GTAWq26joslQgWNoFu08F4kl0J4CgdNKADkdSGXQyTCnKteIAJy96Br6YbpEU1LSzV5dYtjMkMDg=="
    },
    "readdirp@4.1.2": {
      "integrity": "sha512-GDhwkLfywWL2s6vEjyhri+eXmfH6j1L7JE27WhqLeYzoh/A3DBaYGEj2H/HFZCn/kMfim73FXxEJTw06WtxQwg=="
    },
    "resolve-pkg-maps@1.0.0": {
      "integrity": "sha512-seS2Tj26TBVOC2NIc2rOe2y2ZO7efxITtLZcGSOnHHNOQ7CkiUBfw0Iw2ck6xkIhPwLhKNLS8BO+hEpngQlqzw=="
    },
    "rolldown-plugin-dts@0.13.9_rolldown@1.0.0-beta.11-commit.f051675_typescript@5.6.3": {
      "integrity": "sha512-gE8g7+fejx48PW20QLvIYuNOG5d/3MIjDP4WrIRUpUvrwz+wXDiF7Y/XxOU0/DnCaQMZySsTqOCBS4j8+nJiyg==",
      "dependencies": [
        "@babel/generator",
        "@babel/parser",
        "@babel/types",
        "ast-kit",
        "birpc",
        "debug",
        "dts-resolver",
        "get-tsconfig",
        "rolldown",
        "typescript"
      ],
      "optionalPeers": [
        "typescript"
      ]
    },
    "rolldown@1.0.0-beta.11-commit.f051675": {
      "integrity": "sha512-g8MCVkvg2GnrrG+j+WplOTx1nAmjSwYOMSOQI0qfxf8D4NmYZqJuG3f85yWK64XXQv6pKcXZsfMkOPs9B6B52A==",
      "dependencies": [
        "@oxc-project/runtime",
        "@oxc-project/types",
        "@rolldown/pluginutils",
        "ansis"
      ],
      "optionalDependencies": [
        "@rolldown/binding-darwin-arm64@1.0.0-beta.11-commit.f051675",
        "@rolldown/binding-darwin-x64@1.0.0-beta.11-commit.f051675",
        "@rolldown/binding-freebsd-x64@1.0.0-beta.11-commit.f051675",
        "@rolldown/binding-linux-arm-gnueabihf@1.0.0-beta.11-commit.f051675",
        "@rolldown/binding-linux-arm64-gnu@1.0.0-beta.11-commit.f051675",
        "@rolldown/binding-linux-arm64-musl@1.0.0-beta.11-commit.f051675",
        "@rolldown/binding-linux-x64-gnu@1.0.0-beta.11-commit.f051675",
        "@rolldown/binding-linux-x64-musl@1.0.0-beta.11-commit.f051675",
        "@rolldown/binding-wasm32-wasi@1.0.0-beta.11-commit.f051675",
        "@rolldown/binding-win32-arm64-msvc@1.0.0-beta.11-commit.f051675",
        "@rolldown/binding-win32-ia32-msvc@1.0.0-beta.11-commit.f051675",
        "@rolldown/binding-win32-x64-msvc@1.0.0-beta.11-commit.f051675"
      ],
      "bin": true
    },
    "semver@7.7.2": {
      "integrity": "sha512-RF0Fw+rO5AMf9MAyaRXI4AV0Ulj5lMHqVxxdSgiVbixSCXoEmmX/jk0CuJw4+3SqroYO9VoUh+HcuJivvtJemA==",
      "bin": true
    },
    "seroval-plugins@1.3.2_seroval@1.3.2": {
      "integrity": "sha512-0QvCV2lM3aj/U3YozDiVwx9zpH0q8A60CTWIv4Jszj/givcudPb48B+rkU5D51NJ0pTpweGMttHjboPa9/zoIQ==",
      "dependencies": [
        "seroval"
      ]
    },
    "seroval@1.3.2": {
      "integrity": "sha512-RbcPH1n5cfwKrru7v7+zrZvjLurgHhGyso3HTyGtRivGWgYjbOmGuivCQaORNELjNONoK35nj28EoWul9sb1zQ=="
    },
    "solid-js@1.9.7_seroval@1.3.2": {
      "integrity": "sha512-/saTKi8iWEM233n5OSi1YHCCuh66ZIQ7aK2hsToPe4tqGm7qAejU1SwNuTPivbWAYq7SjuHVVYxxuZQNRbICiw==",
      "dependencies": [
        "csstype",
        "seroval",
        "seroval-plugins"
      ]
    },
    "tinyexec@1.0.1": {
      "integrity": "sha512-5uC6DDlmeqiOwCPmK9jMSdOuZTh8bU39Ys6yidB+UTt5hfZUPGAypSgFRiEp+jbi9qH40BLDvy85jIU88wKSqw=="
    },
    "tinyglobby@0.2.14_picomatch@4.0.2": {
      "integrity": "sha512-tX5e7OM1HnYr2+a2C/4V0htOcSQcoSTH9KgJnVvNm5zm/cyEWKJ7j7YutsH9CxMdtOkkLFy2AHrMci9IM8IPZQ==",
      "dependencies": [
        "fdir",
        "picomatch"
      ]
    },
    "tsdown@0.12.7_typescript@5.6.3_rolldown@1.0.0-beta.11-commit.f051675": {
      "integrity": "sha512-VJjVaqJfIQuQwtOoeuEJMOJUf3MPDrfX0X7OUNx3nq5pQeuIl3h58tmdbM1IZcu8Dn2j8NQjLh+5TXa0yPb9zg==",
      "dependencies": [
        "ansis",
        "cac",
        "chokidar",
        "debug",
        "diff",
        "empathic",
        "hookable",
        "rolldown",
        "rolldown-plugin-dts",
        "semver",
        "tinyexec",
        "tinyglobby",
        "typescript",
        "unconfig"
      ],
      "optionalPeers": [
        "typescript"
      ],
      "bin": true
    },
    "tslib@2.8.0": {
      "integrity": "sha512-jWVzBLplnCmoaTr13V9dYbiQ99wvZRd0vNWaDRg+aVYRcjDF3nDksxFDE/+fkXnKhpnUUkmx5pK/v8mCtLVqZA=="
    },
    "tslib@2.8.1": {
      "integrity": "sha512-oJFu94HQb+KVduSUQL7wnpmqnfmLsOA/nAh6b6EH0wCEoK0/mPeXU6c3wKDV83MkOuHPRHtSXKKU99IBazS/2w=="
    },
    "typescript@5.6.3": {
      "integrity": "sha512-hjcS1mhfuyi4WW8IWtjP7brDrG2cuDZukyrYrSauoXGNgx0S7zceP07adYkJycEr56BOUTNPzbInooiN3fn1qw==",
      "bin": true
    },
    "unconfig@7.3.2": {
      "integrity": "sha512-nqG5NNL2wFVGZ0NA/aCFw0oJ2pxSf1lwg4Z5ill8wd7K4KX/rQbHlwbh+bjctXL5Ly1xtzHenHGOK0b+lG6JVg==",
      "dependencies": [
        "@quansync/fs",
        "defu",
        "jiti",
        "quansync"
      ]
    }
  },
  "workspace": {
    "members": {
      "bunja": {
        "packageJson": {
          "dependencies": [
            "npm:@types/react@19",
            "npm:react@19",
            "npm:solid-js@^1.9.7",
            "npm:tsdown@~0.12.7",
            "npm:typescript@^5.6.3"
          ]
        }
      }
    }
  }
}
